
Microsoft Visual Studio Solution File, Format Version 12.00
# Visual Studio Version 16
VisualStudioVersion = 16.0.30517.126
MinimumVisualStudioVersion = 10.0.40219.1
Project("{FAE04EC0-301F-11D3-BF4B-00C04F79EFBC}") = "Process Parent Test", "Process Parent Test\Process Parent Test.csproj", "{0B016094-FB2B-4CFF-9B07-34A8C470625B}"
EndProject
Project("{FAE04EC0-301F-11D3-BF4B-00C04F79EFBC}") = "BevyEditor.Proto", "BevyEditor.Proto\BevyEditor.Proto.csproj", "{FC8EC05E-855A-4980-8F03-B5DE82889A2C}"
EndProject
Global
	GlobalSection(SolutionConfigurationPlatforms) = preSolution
		Debug|Any CPU = Debug|Any CPU
		Release|Any CPU = Release|Any CPU
	EndGlobalSection
	GlobalSection(ProjectConfigurationPlatforms) = postSolution
		{0B016094-FB2B-4CFF-9B07-34A8C470625B}.Debug|Any CPU.ActiveCfg = Debug|Any CPU
		{0B016094-FB2B-4CFF-9B07-34A8C470625B}.Debug|Any CPU.Build.0 = Debug|Any CPU
		{0B016094-FB2B-4CFF-9B07-34A8C470625B}.Release|Any CPU.ActiveCfg = Release|Any CPU
		{0B016094-FB2B-4CFF-9B07-34A8C470625B}.Release|Any CPU.Build.0 = Release|Any CPU
		{FC8EC05E-855A-4980-8F03-B5DE82889A2C}.Debug|Any CPU.ActiveCfg = Debug|Any CPU
		{FC8EC05E-855A-4980-8F03-B5DE82889A2C}.Debug|Any CPU.Build.0 = Debug|Any CPU
		{FC8EC05E-855A-4980-8F03-B5DE82889A2C}.Release|Any CPU.ActiveCfg = Release|Any CPU
		{FC8EC05E-855A-4980-8F03-B5DE82889A2C}.Release|Any CPU.Build.0 = Release|Any CPU
	EndGlobalSection
	GlobalSection(SolutionProperties) = preSolution
		HideSolutionNode = FALSE
	EndGlobalSection
	GlobalSection(ExtensibilityGlobals) = postSolution
		SolutionGuid = {039EE258-46DB-4592-BB14-C077FBACD46E}
	EndGlobalSection
EndGlobal
