
Microsoft Visual Studio Solution File, Format Version 12.00
Project("{FAE04EC0-301F-11D3-BF4B-00C04F79EFBC}") = "BevyEditorForms", "BevyEditorForms\BevyEditorForms.csproj", "{55C84112-34F0-4870-8C33-1DD7CEF5E0EF}"
EndProject
Global
	GlobalSection(SolutionConfigurationPlatforms) = preSolution
		Debug|Any CPU = Debug|Any CPU
		Release|Any CPU = Release|Any CPU
	EndGlobalSection
	GlobalSection(ProjectConfigurationPlatforms) = postSolution
		{55C84112-34F0-4870-8C33-1DD7CEF5E0EF}.Debug|Any CPU.ActiveCfg = Debug|Any CPU
		{55C84112-34F0-4870-8C33-1DD7CEF5E0EF}.Debug|Any CPU.Build.0 = Debug|Any CPU
		{55C84112-34F0-4870-8C33-1DD7CEF5E0EF}.Release|Any CPU.ActiveCfg = Release|Any CPU
		{55C84112-34F0-4870-8C33-1DD7CEF5E0EF}.Release|Any CPU.Build.0 = Release|Any CPU
	EndGlobalSection
EndGlobal
